
Microsoft Visual Studio Solution File, Format Version 12.00
# Visual Studio 14
VisualStudioVersion = 14.0.23107.0
MinimumVisualStudioVersion = 10.0.40219.1
Project("{2150E333-8FDC-42A3-9474-1A3956D46DE8}") = "src", "src", "{F3E3A131-FAEF-42AD-BC2F-D63F255D8CB4}"
EndProject
Project("{2150E333-8FDC-42A3-9474-1A3956D46DE8}") = "Solution Items", "Solution Items", "{9F494231-A8E6-4628-BF04-5EC440596A0E}"
	ProjectSection(SolutionItems) = preProject
		global.json = global.json
	EndProjectSection
EndProject
Project("{8BB2217D-0F2D-49D1-97BC-3654ED321F3B}") = "Ibra.Lazy", "src\Ibra.Lazy\Ibra.Lazy.xproj", "{BD5B9F1E-BE55-4044-A141-19E70F163437}"
EndProject
Project("{8BB2217D-0F2D-49D1-97BC-3654ED321F3B}") = "Ibra.Comparers", "src\Ibra.Comparers\Ibra.Comparers.xproj", "{90423B22-5DAA-4C38-8F35-D039D7B97D80}"
EndProject
Project("{8BB2217D-0F2D-49D1-97BC-3654ED321F3B}") = "Ibra.Polymorphic", "src\Ibra.Polymorphic\Ibra.Polymorphic.xproj", "{DE1CDFF2-E1CC-4231-8564-26F7D9ACD136}"
EndProject
Project("{8BB2217D-0F2D-49D1-97BC-3654ED321F3B}") = "Ibra.Enumerables", "src\Ibra.Enumerables\Ibra.Enumerables.xproj", "{4FA189F8-A904-4136-B3DB-1EEB1964AB30}"
EndProject
Project("{8BB2217D-0F2D-49D1-97BC-3654ED321F3B}") = "IbraTests", "test\IbraTests\IbraTests.xproj", "{36AD0C9B-EEF7-496E-B1DE-F959F3D79323}"
EndProject
Project("{2150E333-8FDC-42A3-9474-1A3956D46DE8}") = "test", "test", "{4CF906B5-7D8C-425D-A602-FC6E989E282F}"
EndProject
Global
	GlobalSection(SolutionConfigurationPlatforms) = preSolution
		Debug|Any CPU = Debug|Any CPU
		Release|Any CPU = Release|Any CPU
	EndGlobalSection
	GlobalSection(ProjectConfigurationPlatforms) = postSolution
		{BD5B9F1E-BE55-4044-A141-19E70F163437}.Debug|Any CPU.ActiveCfg = Debug|Any CPU
		{BD5B9F1E-BE55-4044-A141-19E70F163437}.Debug|Any CPU.Build.0 = Debug|Any CPU
		{BD5B9F1E-BE55-4044-A141-19E70F163437}.Release|Any CPU.ActiveCfg = Release|Any CPU
		{BD5B9F1E-BE55-4044-A141-19E70F163437}.Release|Any CPU.Build.0 = Release|Any CPU
		{90423B22-5DAA-4C38-8F35-D039D7B97D80}.Debug|Any CPU.ActiveCfg = Debug|Any CPU
		{90423B22-5DAA-4C38-8F35-D039D7B97D80}.Debug|Any CPU.Build.0 = Debug|Any CPU
		{90423B22-5DAA-4C38-8F35-D039D7B97D80}.Release|Any CPU.ActiveCfg = Release|Any CPU
		{90423B22-5DAA-4C38-8F35-D039D7B97D80}.Release|Any CPU.Build.0 = Release|Any CPU
		{DE1CDFF2-E1CC-4231-8564-26F7D9ACD136}.Debug|Any CPU.ActiveCfg = Debug|Any CPU
		{DE1CDFF2-E1CC-4231-8564-26F7D9ACD136}.Debug|Any CPU.Build.0 = Debug|Any CPU
		{DE1CDFF2-E1CC-4231-8564-26F7D9ACD136}.Release|Any CPU.ActiveCfg = Release|Any CPU
		{DE1CDFF2-E1CC-4231-8564-26F7D9ACD136}.Release|Any CPU.Build.0 = Release|Any CPU
		{4FA189F8-A904-4136-B3DB-1EEB1964AB30}.Debug|Any CPU.ActiveCfg = Debug|Any CPU
		{4FA189F8-A904-4136-B3DB-1EEB1964AB30}.Debug|Any CPU.Build.0 = Debug|Any CPU
		{4FA189F8-A904-4136-B3DB-1EEB1964AB30}.Release|Any CPU.ActiveCfg = Release|Any CPU
		{4FA189F8-A904-4136-B3DB-1EEB1964AB30}.Release|Any CPU.Build.0 = Release|Any CPU
		{36AD0C9B-EEF7-496E-B1DE-F959F3D79323}.Debug|Any CPU.ActiveCfg = Debug|Any CPU
		{36AD0C9B-EEF7-496E-B1DE-F959F3D79323}.Debug|Any CPU.Build.0 = Debug|Any CPU
		{36AD0C9B-EEF7-496E-B1DE-F959F3D79323}.Release|Any CPU.ActiveCfg = Release|Any CPU
		{36AD0C9B-EEF7-496E-B1DE-F959F3D79323}.Release|Any CPU.Build.0 = Release|Any CPU
	EndGlobalSection
	GlobalSection(SolutionProperties) = preSolution
		HideSolutionNode = FALSE
	EndGlobalSection
	GlobalSection(NestedProjects) = preSolution
		{BD5B9F1E-BE55-4044-A141-19E70F163437} = {F3E3A131-FAEF-42AD-BC2F-D63F255D8CB4}
		{90423B22-5DAA-4C38-8F35-D039D7B97D80} = {F3E3A131-FAEF-42AD-BC2F-D63F255D8CB4}
		{DE1CDFF2-E1CC-4231-8564-26F7D9ACD136} = {F3E3A131-FAEF-42AD-BC2F-D63F255D8CB4}
		{4FA189F8-A904-4136-B3DB-1EEB1964AB30} = {F3E3A131-FAEF-42AD-BC2F-D63F255D8CB4}
		{36AD0C9B-EEF7-496E-B1DE-F959F3D79323} = {4CF906B5-7D8C-425D-A602-FC6E989E282F}
	EndGlobalSection
EndGlobal
