
Microsoft Visual Studio Solution File, Format Version 12.00
# Visual Studio Version 16
VisualStudioVersion = 16.0.31624.102
MinimumVisualStudioVersion = 10.0.40219.1
Project("{9A19103F-16F7-4668-BE54-9A1E7A4F7556}") = "IbraTests", "test\IbraTests\IbraTests.csproj", "{7BB66420-94B7-42BD-840A-4B41F72DA4CF}"
	ProjectSection(ProjectDependencies) = postProject
		{00483C06-9EEF-4416-8329-4C18153CB970} = {00483C06-9EEF-4416-8329-4C18153CB970}
		{3D974406-ED70-4973-BB16-13CE30D0C6B6} = {3D974406-ED70-4973-BB16-13CE30D0C6B6}
		{6E011F8A-9E96-4431-B3B9-D54929D757AE} = {6E011F8A-9E96-4431-B3B9-D54929D757AE}
		{E61A8998-F148-48F3-A251-BBE3CAE16BB0} = {E61A8998-F148-48F3-A251-BBE3CAE16BB0}
		{09E754C6-CA1F-40E2-98B8-D3C8015BFCAE} = {09E754C6-CA1F-40E2-98B8-D3C8015BFCAE}
		{B68F55E2-6708-44DC-98E4-E7939BA852A1} = {B68F55E2-6708-44DC-98E4-E7939BA852A1}
	EndProjectSection
EndProject
Project("{9A19103F-16F7-4668-BE54-9A1E7A4F7556}") = "Ibra.Comparers", "src\Ibra.Comparers\Ibra.Comparers.csproj", "{09E754C6-CA1F-40E2-98B8-D3C8015BFCAE}"
EndProject
Project("{9A19103F-16F7-4668-BE54-9A1E7A4F7556}") = "Ibra.Enumerables", "src\Ibra.Enumerables\Ibra.Enumerables.csproj", "{3D974406-ED70-4973-BB16-13CE30D0C6B6}"
EndProject
Project("{9A19103F-16F7-4668-BE54-9A1E7A4F7556}") = "Ibra.Lazy", "src\Ibra.Lazy\Ibra.Lazy.csproj", "{E61A8998-F148-48F3-A251-BBE3CAE16BB0}"
EndProject
Project("{9A19103F-16F7-4668-BE54-9A1E7A4F7556}") = "Ibra.Logging", "src\Ibra.Logging\Ibra.Logging.csproj", "{B68F55E2-6708-44DC-98E4-E7939BA852A1}"
EndProject
Project("{9A19103F-16F7-4668-BE54-9A1E7A4F7556}") = "Ibra.Polymorphic", "src\Ibra.Polymorphic\Ibra.Polymorphic.csproj", "{6E011F8A-9E96-4431-B3B9-D54929D757AE}"
EndProject
Project("{9A19103F-16F7-4668-BE54-9A1E7A4F7556}") = "Ibra.Collections", "src\Ibra.Collections\Ibra.Collections.csproj", "{00483C06-9EEF-4416-8329-4C18153CB970}"
EndProject
Global
	GlobalSection(SolutionConfigurationPlatforms) = preSolution
		Debug|Any CPU = Debug|Any CPU
		Debug|x64 = Debug|x64
		Debug|x86 = Debug|x86
		Release|Any CPU = Release|Any CPU
		Release|x64 = Release|x64
		Release|x86 = Release|x86
	EndGlobalSection
	GlobalSection(ProjectConfigurationPlatforms) = postSolution
		{7BB66420-94B7-42BD-840A-4B41F72DA4CF}.Debug|Any CPU.ActiveCfg = Debug|Any CPU
		{7BB66420-94B7-42BD-840A-4B41F72DA4CF}.Debug|Any CPU.Build.0 = Debug|Any CPU
		{7BB66420-94B7-42BD-840A-4B41F72DA4CF}.Debug|x64.ActiveCfg = Debug|Any CPU
		{7BB66420-94B7-42BD-840A-4B41F72DA4CF}.Debug|x64.Build.0 = Debug|Any CPU
		{7BB66420-94B7-42BD-840A-4B41F72DA4CF}.Debug|x86.ActiveCfg = Debug|Any CPU
		{7BB66420-94B7-42BD-840A-4B41F72DA4CF}.Debug|x86.Build.0 = Debug|Any CPU
		{7BB66420-94B7-42BD-840A-4B41F72DA4CF}.Release|Any CPU.ActiveCfg = Release|Any CPU
		{7BB66420-94B7-42BD-840A-4B41F72DA4CF}.Release|Any CPU.Build.0 = Release|Any CPU
		{7BB66420-94B7-42BD-840A-4B41F72DA4CF}.Release|x64.ActiveCfg = Release|Any CPU
		{7BB66420-94B7-42BD-840A-4B41F72DA4CF}.Release|x64.Build.0 = Release|Any CPU
		{7BB66420-94B7-42BD-840A-4B41F72DA4CF}.Release|x86.ActiveCfg = Release|Any CPU
		{7BB66420-94B7-42BD-840A-4B41F72DA4CF}.Release|x86.Build.0 = Release|Any CPU
		{09E754C6-CA1F-40E2-98B8-D3C8015BFCAE}.Debug|Any CPU.ActiveCfg = Debug|Any CPU
		{09E754C6-CA1F-40E2-98B8-D3C8015BFCAE}.Debug|Any CPU.Build.0 = Debug|Any CPU
		{09E754C6-CA1F-40E2-98B8-D3C8015BFCAE}.Debug|x64.ActiveCfg = Debug|Any CPU
		{09E754C6-CA1F-40E2-98B8-D3C8015BFCAE}.Debug|x64.Build.0 = Debug|Any CPU
		{09E754C6-CA1F-40E2-98B8-D3C8015BFCAE}.Debug|x86.ActiveCfg = Debug|Any CPU
		{09E754C6-CA1F-40E2-98B8-D3C8015BFCAE}.Debug|x86.Build.0 = Debug|Any CPU
		{09E754C6-CA1F-40E2-98B8-D3C8015BFCAE}.Release|Any CPU.ActiveCfg = Release|Any CPU
		{09E754C6-CA1F-40E2-98B8-D3C8015BFCAE}.Release|Any CPU.Build.0 = Release|Any CPU
		{09E754C6-CA1F-40E2-98B8-D3C8015BFCAE}.Release|x64.ActiveCfg = Release|Any CPU
		{09E754C6-CA1F-40E2-98B8-D3C8015BFCAE}.Release|x64.Build.0 = Release|Any CPU
		{09E754C6-CA1F-40E2-98B8-D3C8015BFCAE}.Release|x86.ActiveCfg = Release|Any CPU
		{09E754C6-CA1F-40E2-98B8-D3C8015BFCAE}.Release|x86.Build.0 = Release|Any CPU
		{3D974406-ED70-4973-BB16-13CE30D0C6B6}.Debug|Any CPU.ActiveCfg = Debug|Any CPU
		{3D974406-ED70-4973-BB16-13CE30D0C6B6}.Debug|Any CPU.Build.0 = Debug|Any CPU
		{3D974406-ED70-4973-BB16-13CE30D0C6B6}.Debug|x64.ActiveCfg = Debug|Any CPU
		{3D974406-ED70-4973-BB16-13CE30D0C6B6}.Debug|x64.Build.0 = Debug|Any CPU
		{3D974406-ED70-4973-BB16-13CE30D0C6B6}.Debug|x86.ActiveCfg = Debug|Any CPU
		{3D974406-ED70-4973-BB16-13CE30D0C6B6}.Debug|x86.Build.0 = Debug|Any CPU
		{3D974406-ED70-4973-BB16-13CE30D0C6B6}.Release|Any CPU.ActiveCfg = Release|Any CPU
		{3D974406-ED70-4973-BB16-13CE30D0C6B6}.Release|Any CPU.Build.0 = Release|Any CPU
		{3D974406-ED70-4973-BB16-13CE30D0C6B6}.Release|x64.ActiveCfg = Release|Any CPU
		{3D974406-ED70-4973-BB16-13CE30D0C6B6}.Release|x64.Build.0 = Release|Any CPU
		{3D974406-ED70-4973-BB16-13CE30D0C6B6}.Release|x86.ActiveCfg = Release|Any CPU
		{3D974406-ED70-4973-BB16-13CE30D0C6B6}.Release|x86.Build.0 = Release|Any CPU
		{E61A8998-F148-48F3-A251-BBE3CAE16BB0}.Debug|Any CPU.ActiveCfg = Debug|Any CPU
		{E61A8998-F148-48F3-A251-BBE3CAE16BB0}.Debug|Any CPU.Build.0 = Debug|Any CPU
		{E61A8998-F148-48F3-A251-BBE3CAE16BB0}.Debug|x64.ActiveCfg = Debug|Any CPU
		{E61A8998-F148-48F3-A251-BBE3CAE16BB0}.Debug|x64.Build.0 = Debug|Any CPU
		{E61A8998-F148-48F3-A251-BBE3CAE16BB0}.Debug|x86.ActiveCfg = Debug|Any CPU
		{E61A8998-F148-48F3-A251-BBE3CAE16BB0}.Debug|x86.Build.0 = Debug|Any CPU
		{E61A8998-F148-48F3-A251-BBE3CAE16BB0}.Release|Any CPU.ActiveCfg = Release|Any CPU
		{E61A8998-F148-48F3-A251-BBE3CAE16BB0}.Release|Any CPU.Build.0 = Release|Any CPU
		{E61A8998-F148-48F3-A251-BBE3CAE16BB0}.Release|x64.ActiveCfg = Release|Any CPU
		{E61A8998-F148-48F3-A251-BBE3CAE16BB0}.Release|x64.Build.0 = Release|Any CPU
		{E61A8998-F148-48F3-A251-BBE3CAE16BB0}.Release|x86.ActiveCfg = Release|Any CPU
		{E61A8998-F148-48F3-A251-BBE3CAE16BB0}.Release|x86.Build.0 = Release|Any CPU
		{B68F55E2-6708-44DC-98E4-E7939BA852A1}.Debug|Any CPU.ActiveCfg = Debug|Any CPU
		{B68F55E2-6708-44DC-98E4-E7939BA852A1}.Debug|Any CPU.Build.0 = Debug|Any CPU
		{B68F55E2-6708-44DC-98E4-E7939BA852A1}.Debug|x64.ActiveCfg = Debug|Any CPU
		{B68F55E2-6708-44DC-98E4-E7939BA852A1}.Debug|x64.Build.0 = Debug|Any CPU
		{B68F55E2-6708-44DC-98E4-E7939BA852A1}.Debug|x86.ActiveCfg = Debug|Any CPU
		{B68F55E2-6708-44DC-98E4-E7939BA852A1}.Debug|x86.Build.0 = Debug|Any CPU
		{B68F55E2-6708-44DC-98E4-E7939BA852A1}.Release|Any CPU.ActiveCfg = Release|Any CPU
		{B68F55E2-6708-44DC-98E4-E7939BA852A1}.Release|Any CPU.Build.0 = Release|Any CPU
		{B68F55E2-6708-44DC-98E4-E7939BA852A1}.Release|x64.ActiveCfg = Release|Any CPU
		{B68F55E2-6708-44DC-98E4-E7939BA852A1}.Release|x64.Build.0 = Release|Any CPU
		{B68F55E2-6708-44DC-98E4-E7939BA852A1}.Release|x86.ActiveCfg = Release|Any CPU
		{B68F55E2-6708-44DC-98E4-E7939BA852A1}.Release|x86.Build.0 = Release|Any CPU
		{6E011F8A-9E96-4431-B3B9-D54929D757AE}.Debug|Any CPU.ActiveCfg = Debug|Any CPU
		{6E011F8A-9E96-4431-B3B9-D54929D757AE}.Debug|Any CPU.Build.0 = Debug|Any CPU
		{6E011F8A-9E96-4431-B3B9-D54929D757AE}.Debug|x64.ActiveCfg = Debug|Any CPU
		{6E011F8A-9E96-4431-B3B9-D54929D757AE}.Debug|x64.Build.0 = Debug|Any CPU
		{6E011F8A-9E96-4431-B3B9-D54929D757AE}.Debug|x86.ActiveCfg = Debug|Any CPU
		{6E011F8A-9E96-4431-B3B9-D54929D757AE}.Debug|x86.Build.0 = Debug|Any CPU
		{6E011F8A-9E96-4431-B3B9-D54929D757AE}.Release|Any CPU.ActiveCfg = Release|Any CPU
		{6E011F8A-9E96-4431-B3B9-D54929D757AE}.Release|Any CPU.Build.0 = Release|Any CPU
		{6E011F8A-9E96-4431-B3B9-D54929D757AE}.Release|x64.ActiveCfg = Release|Any CPU
		{6E011F8A-9E96-4431-B3B9-D54929D757AE}.Release|x64.Build.0 = Release|Any CPU
		{6E011F8A-9E96-4431-B3B9-D54929D757AE}.Release|x86.ActiveCfg = Release|Any CPU
		{6E011F8A-9E96-4431-B3B9-D54929D757AE}.Release|x86.Build.0 = Release|Any CPU
		{00483C06-9EEF-4416-8329-4C18153CB970}.Debug|Any CPU.ActiveCfg = Debug|Any CPU
		{00483C06-9EEF-4416-8329-4C18153CB970}.Debug|Any CPU.Build.0 = Debug|Any CPU
		{00483C06-9EEF-4416-8329-4C18153CB970}.Debug|x64.ActiveCfg = Debug|Any CPU
		{00483C06-9EEF-4416-8329-4C18153CB970}.Debug|x64.Build.0 = Debug|Any CPU
		{00483C06-9EEF-4416-8329-4C18153CB970}.Debug|x86.ActiveCfg = Debug|Any CPU
		{00483C06-9EEF-4416-8329-4C18153CB970}.Debug|x86.Build.0 = Debug|Any CPU
		{00483C06-9EEF-4416-8329-4C18153CB970}.Release|Any CPU.ActiveCfg = Release|Any CPU
		{00483C06-9EEF-4416-8329-4C18153CB970}.Release|Any CPU.Build.0 = Release|Any CPU
		{00483C06-9EEF-4416-8329-4C18153CB970}.Release|x64.ActiveCfg = Release|Any CPU
		{00483C06-9EEF-4416-8329-4C18153CB970}.Release|x64.Build.0 = Release|Any CPU
		{00483C06-9EEF-4416-8329-4C18153CB970}.Release|x86.ActiveCfg = Release|Any CPU
		{00483C06-9EEF-4416-8329-4C18153CB970}.Release|x86.Build.0 = Release|Any CPU
	EndGlobalSection
	GlobalSection(SolutionProperties) = preSolution
		HideSolutionNode = FALSE
	EndGlobalSection
	GlobalSection(ExtensibilityGlobals) = postSolution
		SolutionGuid = {C0AEDED3-AFE8-44B9-83C7-A0518F675DBC}
	EndGlobalSection
EndGlobal
