
Microsoft Visual Studio Solution File, Format Version 12.00
# Visual Studio 15
VisualStudioVersion = 15.0.25123.0
MinimumVisualStudioVersion = 10.0.40219.1
Project("{FAE04EC0-301F-11D3-BF4B-00C04F79EFBC}") = "Ibra.Comparers", "src\Ibra.Comparers\Ibra.Comparers.csproj", "{CE4DBB4C-E62B-47B2-859F-1A9644284003}"
EndProject
Project("{2150E333-8FDC-42A3-9474-1A3956D46DE8}") = "src", "src", "{ED21CEDC-4C0C-4912-9AC7-321CFC840DC2}"
EndProject
Project("{FAE04EC0-301F-11D3-BF4B-00C04F79EFBC}") = "Ibra.Lazy", "src\Ibra.Lazy\Ibra.Lazy.csproj", "{EDD3745F-B794-453E-B5F2-53122C0DC71B}"
EndProject
Project("{FAE04EC0-301F-11D3-BF4B-00C04F79EFBC}") = "Ibra.Polymorphic", "src\Ibra.Polymorphic\Ibra.Polymorphic.csproj", "{0EB4D390-7F0E-478C-872B-8DAA9E4F7802}"
EndProject
Project("{FAE04EC0-301F-11D3-BF4B-00C04F79EFBC}") = "Ibra.Enumerables", "src\Ibra.Enumerables\Ibra.Enumerables.csproj", "{740DACCF-BA2A-43A0-A248-5D51186BE003}"
EndProject
Project("{2150E333-8FDC-42A3-9474-1A3956D46DE8}") = "test", "test", "{3BD53C7C-06AC-47F9-9E08-E51272DC1DEC}"
EndProject
Project("{FAE04EC0-301F-11D3-BF4B-00C04F79EFBC}") = "IbraTests", "test\IbraTests\IbraTests.csproj", "{5B5EA327-F500-4388-8626-B0D727971A15}"
EndProject
Project("{2150E333-8FDC-42A3-9474-1A3956D46DE8}") = "Solution Items", "Solution Items", "{99F73DFF-8332-4841-A408-3D723D8AC175}"
	ProjectSection(SolutionItems) = preProject
		global.json = global.json
	EndProjectSection
EndProject
Global
	GlobalSection(SolutionConfigurationPlatforms) = preSolution
		Debug|Any CPU = Debug|Any CPU
		Release|Any CPU = Release|Any CPU
	EndGlobalSection
	GlobalSection(ProjectConfigurationPlatforms) = postSolution
		{CE4DBB4C-E62B-47B2-859F-1A9644284003}.Debug|Any CPU.ActiveCfg = Debug|Any CPU
		{CE4DBB4C-E62B-47B2-859F-1A9644284003}.Debug|Any CPU.Build.0 = Debug|Any CPU
		{CE4DBB4C-E62B-47B2-859F-1A9644284003}.Release|Any CPU.ActiveCfg = Release|Any CPU
		{CE4DBB4C-E62B-47B2-859F-1A9644284003}.Release|Any CPU.Build.0 = Release|Any CPU
		{EDD3745F-B794-453E-B5F2-53122C0DC71B}.Debug|Any CPU.ActiveCfg = Debug|Any CPU
		{EDD3745F-B794-453E-B5F2-53122C0DC71B}.Debug|Any CPU.Build.0 = Debug|Any CPU
		{EDD3745F-B794-453E-B5F2-53122C0DC71B}.Release|Any CPU.ActiveCfg = Release|Any CPU
		{EDD3745F-B794-453E-B5F2-53122C0DC71B}.Release|Any CPU.Build.0 = Release|Any CPU
		{0EB4D390-7F0E-478C-872B-8DAA9E4F7802}.Debug|Any CPU.ActiveCfg = Debug|Any CPU
		{0EB4D390-7F0E-478C-872B-8DAA9E4F7802}.Debug|Any CPU.Build.0 = Debug|Any CPU
		{0EB4D390-7F0E-478C-872B-8DAA9E4F7802}.Release|Any CPU.ActiveCfg = Release|Any CPU
		{0EB4D390-7F0E-478C-872B-8DAA9E4F7802}.Release|Any CPU.Build.0 = Release|Any CPU
		{740DACCF-BA2A-43A0-A248-5D51186BE003}.Debug|Any CPU.ActiveCfg = Debug|Any CPU
		{740DACCF-BA2A-43A0-A248-5D51186BE003}.Debug|Any CPU.Build.0 = Debug|Any CPU
		{740DACCF-BA2A-43A0-A248-5D51186BE003}.Release|Any CPU.ActiveCfg = Release|Any CPU
		{740DACCF-BA2A-43A0-A248-5D51186BE003}.Release|Any CPU.Build.0 = Release|Any CPU
		{5B5EA327-F500-4388-8626-B0D727971A15}.Debug|Any CPU.ActiveCfg = Debug|Any CPU
		{5B5EA327-F500-4388-8626-B0D727971A15}.Debug|Any CPU.Build.0 = Debug|Any CPU
		{5B5EA327-F500-4388-8626-B0D727971A15}.Release|Any CPU.ActiveCfg = Release|Any CPU
		{5B5EA327-F500-4388-8626-B0D727971A15}.Release|Any CPU.Build.0 = Release|Any CPU
	EndGlobalSection
	GlobalSection(SolutionProperties) = preSolution
		HideSolutionNode = FALSE
	EndGlobalSection
	GlobalSection(NestedProjects) = preSolution
		{CE4DBB4C-E62B-47B2-859F-1A9644284003} = {ED21CEDC-4C0C-4912-9AC7-321CFC840DC2}
		{EDD3745F-B794-453E-B5F2-53122C0DC71B} = {ED21CEDC-4C0C-4912-9AC7-321CFC840DC2}
		{0EB4D390-7F0E-478C-872B-8DAA9E4F7802} = {ED21CEDC-4C0C-4912-9AC7-321CFC840DC2}
		{740DACCF-BA2A-43A0-A248-5D51186BE003} = {ED21CEDC-4C0C-4912-9AC7-321CFC840DC2}
		{5B5EA327-F500-4388-8626-B0D727971A15} = {3BD53C7C-06AC-47F9-9E08-E51272DC1DEC}
	EndGlobalSection
EndGlobal
